// !$*UTF8*$!
{
	archiveVersion = 1;
	classes = {
	};
	objectVersion = 46;
	objects = {

/* Begin PBXBuildFile section */
		7DD223F820299469005E3006 /* AppDelegate.swift in Sources */ = {isa = PBXBuildFile; fileRef = 7DD223F720299469005E3006 /* AppDelegate.swift */; };
		7DD223FA20299469005E3006 /* ViewController.swift in Sources */ = {isa = PBXBuildFile; fileRef = 7DD223F920299469005E3006 /* ViewController.swift */; };
		7DD223FD20299469005E3006 /* Main.storyboard in Resources */ = {isa = PBXBuildFile; fileRef = 7DD223FB20299469005E3006 /* Main.storyboard */; };
		7DD2240020299469005E3006 /* Tuto2.xcdatamodeld in Sources */ = {isa = PBXBuildFile; fileRef = 7DD223FE20299469005E3006 /* Tuto2.xcdatamodeld */; };
		7DD2240220299469005E3006 /* Assets.xcassets in Resources */ = {isa = PBXBuildFile; fileRef = 7DD2240120299469005E3006 /* Assets.xcassets */; };
		7DD2240520299469005E3006 /* LaunchScreen.storyboard in Resources */ = {isa = PBXBuildFile; fileRef = 7DD2240320299469005E3006 /* LaunchScreen.storyboard */; };
		7DD2241020299469005E3006 /* Tuto2Tests.swift in Sources */ = {isa = PBXBuildFile; fileRef = 7DD2240F20299469005E3006 /* Tuto2Tests.swift */; };
		7DD2241B20299469005E3006 /* Tuto2UITests.swift in Sources */ = {isa = PBXBuildFile; fileRef = 7DD2241A20299469005E3006 /* Tuto2UITests.swift */; };
		7DD22429202994C2005E3006 /* Personne.swift in Sources */ = {isa = PBXBuildFile; fileRef = 7DD22428202994C2005E3006 /* Personne.swift */; };
		7DD2242A202994C2005E3006 /* Personne.swift in Sources */ = {isa = PBXBuildFile; fileRef = 7DD22428202994C2005E3006 /* Personne.swift */; };
		7DD2242C2029984B005E3006 /* PersonneTests.swift in Sources */ = {isa = PBXBuildFile; fileRef = 7DD2242B2029984B005E3006 /* PersonneTests.swift */; };
		7DD2242E20299AE8005E3006 /* ListePersonne.swift in Sources */ = {isa = PBXBuildFile; fileRef = 7DD2242D20299AE8005E3006 /* ListePersonne.swift */; };
		7DD2242F20299AE8005E3006 /* ListePersonne.swift in Sources */ = {isa = PBXBuildFile; fileRef = 7DD2242D20299AE8005E3006 /* ListePersonne.swift */; };
/* End PBXBuildFile section */

/* Begin PBXContainerItemProxy section */
		7DD2240C20299469005E3006 /* PBXContainerItemProxy */ = {
			isa = PBXContainerItemProxy;
			containerPortal = 7DD223EC20299469005E3006 /* Project object */;
			proxyType = 1;
			remoteGlobalIDString = 7DD223F320299469005E3006;
			remoteInfo = Tuto2;
		};
		7DD2241720299469005E3006 /* PBXContainerItemProxy */ = {
			isa = PBXContainerItemProxy;
			containerPortal = 7DD223EC20299469005E3006 /* Project object */;
			proxyType = 1;
			remoteGlobalIDString = 7DD223F320299469005E3006;
			remoteInfo = Tuto2;
		};
/* End PBXContainerItemProxy section */

/* Begin PBXFileReference section */
		7DD223F420299469005E3006 /* Tuto2.app */ = {isa = PBXFileReference; explicitFileType = wrapper.application; includeInIndex = 0; path = Tuto2.app; sourceTree = BUILT_PRODUCTS_DIR; };
		7DD223F720299469005E3006 /* AppDelegate.swift */ = {isa = PBXFileReference; lastKnownFileType = sourcecode.swift; path = AppDelegate.swift; sourceTree = "<group>"; };
		7DD223F920299469005E3006 /* ViewController.swift */ = {isa = PBXFileReference; lastKnownFileType = sourcecode.swift; path = ViewController.swift; sourceTree = "<group>"; };
		7DD223FC20299469005E3006 /* Base */ = {isa = PBXFileReference; lastKnownFileType = file.storyboard; name = Base; path = Base.lproj/Main.storyboard; sourceTree = "<group>"; };
		7DD223FF20299469005E3006 /* Tuto2.xcdatamodel */ = {isa = PBXFileReference; lastKnownFileType = wrapper.xcdatamodel; path = Tuto2.xcdatamodel; sourceTree = "<group>"; };
		7DD2240120299469005E3006 /* Assets.xcassets */ = {isa = PBXFileReference; lastKnownFileType = folder.assetcatalog; path = Assets.xcassets; sourceTree = "<group>"; };
		7DD2240420299469005E3006 /* Base */ = {isa = PBXFileReference; lastKnownFileType = file.storyboard; name = Base; path = Base.lproj/LaunchScreen.storyboard; sourceTree = "<group>"; };
		7DD2240620299469005E3006 /* Info.plist */ = {isa = PBXFileReference; lastKnownFileType = text.plist.xml; path = Info.plist; sourceTree = "<group>"; };
		7DD2240B20299469005E3006 /* Tuto2Tests.xctest */ = {isa = PBXFileReference; explicitFileType = wrapper.cfbundle; includeInIndex = 0; path = Tuto2Tests.xctest; sourceTree = BUILT_PRODUCTS_DIR; };
		7DD2240F20299469005E3006 /* Tuto2Tests.swift */ = {isa = PBXFileReference; lastKnownFileType = sourcecode.swift; path = Tuto2Tests.swift; sourceTree = "<group>"; };
		7DD2241120299469005E3006 /* Info.plist */ = {isa = PBXFileReference; lastKnownFileType = text.plist.xml; path = Info.plist; sourceTree = "<group>"; };
		7DD2241620299469005E3006 /* Tuto2UITests.xctest */ = {isa = PBXFileReference; explicitFileType = wrapper.cfbundle; includeInIndex = 0; path = Tuto2UITests.xctest; sourceTree = BUILT_PRODUCTS_DIR; };
		7DD2241A20299469005E3006 /* Tuto2UITests.swift */ = {isa = PBXFileReference; lastKnownFileType = sourcecode.swift; path = Tuto2UITests.swift; sourceTree = "<group>"; };
		7DD2241C20299469005E3006 /* Info.plist */ = {isa = PBXFileReference; lastKnownFileType = text.plist.xml; path = Info.plist; sourceTree = "<group>"; };
		7DD22428202994C2005E3006 /* Personne.swift */ = {isa = PBXFileReference; fileEncoding = 4; lastKnownFileType = sourcecode.swift; path = Personne.swift; sourceTree = "<group>"; };
		7DD2242B2029984B005E3006 /* PersonneTests.swift */ = {isa = PBXFileReference; fileEncoding = 4; lastKnownFileType = sourcecode.swift; path = PersonneTests.swift; sourceTree = "<group>"; };
		7DD2242D20299AE8005E3006 /* ListePersonne.swift */ = {isa = PBXFileReference; fileEncoding = 4; lastKnownFileType = sourcecode.swift; path = ListePersonne.swift; sourceTree = "<group>"; };
/* End PBXFileReference section */

/* Begin PBXFrameworksBuildPhase section */
		7DD223F120299469005E3006 /* Frameworks */ = {
			isa = PBXFrameworksBuildPhase;
			buildActionMask = 2147483647;
			files = (
			);
			runOnlyForDeploymentPostprocessing = 0;
		};
		7DD2240820299469005E3006 /* Frameworks */ = {
			isa = PBXFrameworksBuildPhase;
			buildActionMask = 2147483647;
			files = (
			);
			runOnlyForDeploymentPostprocessing = 0;
		};
		7DD2241320299469005E3006 /* Frameworks */ = {
			isa = PBXFrameworksBuildPhase;
			buildActionMask = 2147483647;
			files = (
			);
			runOnlyForDeploymentPostprocessing = 0;
		};
/* End PBXFrameworksBuildPhase section */

/* Begin PBXGroup section */
		7DD223EB20299468005E3006 = {
			isa = PBXGroup;
			children = (
				7DD223F620299469005E3006 /* Tuto2 */,
				7DD2240E20299469005E3006 /* Tuto2Tests */,
				7DD2241920299469005E3006 /* Tuto2UITests */,
				7DD223F520299469005E3006 /* Products */,
			);
			sourceTree = "<group>";
		};
		7DD223F520299469005E3006 /* Products */ = {
			isa = PBXGroup;
			children = (
				7DD223F420299469005E3006 /* Tuto2.app */,
				7DD2240B20299469005E3006 /* Tuto2Tests.xctest */,
				7DD2241620299469005E3006 /* Tuto2UITests.xctest */,
			);
			name = Products;
			sourceTree = "<group>";
		};
		7DD223F620299469005E3006 /* Tuto2 */ = {
			isa = PBXGroup;
			children = (
				7DD223F720299469005E3006 /* AppDelegate.swift */,
				7DD223F920299469005E3006 /* ViewController.swift */,
				7DD223FB20299469005E3006 /* Main.storyboard */,
				7DD2240120299469005E3006 /* Assets.xcassets */,
				7DD2240320299469005E3006 /* LaunchScreen.storyboard */,
				7DD2240620299469005E3006 /* Info.plist */,
				7DD223FE20299469005E3006 /* Tuto2.xcdatamodeld */,
				7DD22428202994C2005E3006 /* Personne.swift */,
				7DD2242D20299AE8005E3006 /* ListePersonne.swift */,
			);
			path = Tuto2;
			sourceTree = "<group>";
		};
		7DD2240E20299469005E3006 /* Tuto2Tests */ = {
			isa = PBXGroup;
			children = (
				7DD2240F20299469005E3006 /* Tuto2Tests.swift */,
				7DD2241120299469005E3006 /* Info.plist */,
				7DD2242B2029984B005E3006 /* PersonneTests.swift */,
			);
			path = Tuto2Tests;
			sourceTree = "<group>";
		};
		7DD2241920299469005E3006 /* Tuto2UITests */ = {
			isa = PBXGroup;
			children = (
				7DD2241A20299469005E3006 /* Tuto2UITests.swift */,
				7DD2241C20299469005E3006 /* Info.plist */,
			);
			path = Tuto2UITests;
			sourceTree = "<group>";
		};
/* End PBXGroup section */

/* Begin PBXNativeTarget section */
		7DD223F320299469005E3006 /* Tuto2 */ = {
			isa = PBXNativeTarget;
			buildConfigurationList = 7DD2241F20299469005E3006 /* Build configuration list for PBXNativeTarget "Tuto2" */;
			buildPhases = (
				7DD223F020299469005E3006 /* Sources */,
				7DD223F120299469005E3006 /* Frameworks */,
				7DD223F220299469005E3006 /* Resources */,
			);
			buildRules = (
			);
			dependencies = (
			);
			name = Tuto2;
			productName = Tuto2;
			productReference = 7DD223F420299469005E3006 /* Tuto2.app */;
			productType = "com.apple.product-type.application";
		};
		7DD2240A20299469005E3006 /* Tuto2Tests */ = {
			isa = PBXNativeTarget;
			buildConfigurationList = 7DD2242220299469005E3006 /* Build configuration list for PBXNativeTarget "Tuto2Tests" */;
			buildPhases = (
				7DD2240720299469005E3006 /* Sources */,
				7DD2240820299469005E3006 /* Frameworks */,
				7DD2240920299469005E3006 /* Resources */,
			);
			buildRules = (
			);
			dependencies = (
				7DD2240D20299469005E3006 /* PBXTargetDependency */,
			);
			name = Tuto2Tests;
			productName = Tuto2Tests;
			productReference = 7DD2240B20299469005E3006 /* Tuto2Tests.xctest */;
			productType = "com.apple.product-type.bundle.unit-test";
		};
		7DD2241520299469005E3006 /* Tuto2UITests */ = {
			isa = PBXNativeTarget;
			buildConfigurationList = 7DD2242520299469005E3006 /* Build configuration list for PBXNativeTarget "Tuto2UITests" */;
			buildPhases = (
				7DD2241220299469005E3006 /* Sources */,
				7DD2241320299469005E3006 /* Frameworks */,
				7DD2241420299469005E3006 /* Resources */,
			);
			buildRules = (
			);
			dependencies = (
				7DD2241820299469005E3006 /* PBXTargetDependency */,
			);
			name = Tuto2UITests;
			productName = Tuto2UITests;
			productReference = 7DD2241620299469005E3006 /* Tuto2UITests.xctest */;
			productType = "com.apple.product-type.bundle.ui-testing";
		};
/* End PBXNativeTarget section */

/* Begin PBXProject section */
		7DD223EC20299469005E3006 /* Project object */ = {
			isa = PBXProject;
			attributes = {
				LastSwiftUpdateCheck = 0830;
				LastUpgradeCheck = 0830;
				ORGANIZATIONNAME = "Vincent HERREROS";
				TargetAttributes = {
					7DD223F320299469005E3006 = {
						CreatedOnToolsVersion = 8.3.3;
						ProvisioningStyle = Automatic;
					};
					7DD2240A20299469005E3006 = {
						CreatedOnToolsVersion = 8.3.3;
						ProvisioningStyle = Automatic;
						TestTargetID = 7DD223F320299469005E3006;
					};
					7DD2241520299469005E3006 = {
						CreatedOnToolsVersion = 8.3.3;
						ProvisioningStyle = Automatic;
						TestTargetID = 7DD223F320299469005E3006;
					};
				};
			};
			buildConfigurationList = 7DD223EF20299469005E3006 /* Build configuration list for PBXProject "Tuto2" */;
			compatibilityVersion = "Xcode 3.2";
			developmentRegion = English;
			hasScannedForEncodings = 0;
			knownRegions = (
				en,
				Base,
			);
			mainGroup = 7DD223EB20299468005E3006;
			productRefGroup = 7DD223F520299469005E3006 /* Products */;
			projectDirPath = "";
			projectRoot = "";
			targets = (
				7DD223F320299469005E3006 /* Tuto2 */,
				7DD2240A20299469005E3006 /* Tuto2Tests */,
				7DD2241520299469005E3006 /* Tuto2UITests */,
			);
		};
/* End PBXProject section */

/* Begin PBXResourcesBuildPhase section */
		7DD223F220299469005E3006 /* Resources */ = {
			isa = PBXResourcesBuildPhase;
			buildActionMask = 2147483647;
			files = (
				7DD2240520299469005E3006 /* LaunchScreen.storyboard in Resources */,
				7DD2240220299469005E3006 /* Assets.xcassets in Resources */,
				7DD223FD20299469005E3006 /* Main.storyboard in Resources */,
			);
			runOnlyForDeploymentPostprocessing = 0;
		};
		7DD2240920299469005E3006 /* Resources */ = {
			isa = PBXResourcesBuildPhase;
			buildActionMask = 2147483647;
			files = (
			);
			runOnlyForDeploymentPostprocessing = 0;
		};
		7DD2241420299469005E3006 /* Resources */ = {
			isa = PBXResourcesBuildPhase;
			buildActionMask = 2147483647;
			files = (
			);
			runOnlyForDeploymentPostprocessing = 0;
		};
/* End PBXResourcesBuildPhase section */

/* Begin PBXSourcesBuildPhase section */
		7DD223F020299469005E3006 /* Sources */ = {
			isa = PBXSourcesBuildPhase;
			buildActionMask = 2147483647;
			files = (
				7DD2240020299469005E3006 /* Tuto2.xcdatamodeld in Sources */,
				7DD223FA20299469005E3006 /* ViewController.swift in Sources */,
				7DD2242E20299AE8005E3006 /* ListePersonne.swift in Sources */,
				7DD223F820299469005E3006 /* AppDelegate.swift in Sources */,
				7DD22429202994C2005E3006 /* Personne.swift in Sources */,
			);
			runOnlyForDeploymentPostprocessing = 0;
		};
		7DD2240720299469005E3006 /* Sources */ = {
			isa = PBXSourcesBuildPhase;
			buildActionMask = 2147483647;
			files = (
				7DD2241020299469005E3006 /* Tuto2Tests.swift in Sources */,
				7DD2242F20299AE8005E3006 /* ListePersonne.swift in Sources */,
				7DD2242A202994C2005E3006 /* Personne.swift in Sources */,
				7DD2242C2029984B005E3006 /* PersonneTests.swift in Sources */,
			);
			runOnlyForDeploymentPostprocessing = 0;
		};
		7DD2241220299469005E3006 /* Sources */ = {
			isa = PBXSourcesBuildPhase;
			buildActionMask = 2147483647;
			files = (
				7DD2241B20299469005E3006 /* Tuto2UITests.swift in Sources */,
			);
			runOnlyForDeploymentPostprocessing = 0;
		};
/* End PBXSourcesBuildPhase section */

/* Begin PBXTargetDependency section */
		7DD2240D20299469005E3006 /* PBXTargetDependency */ = {
			isa = PBXTargetDependency;
			target = 7DD223F320299469005E3006 /* Tuto2 */;
			targetProxy = 7DD2240C20299469005E3006 /* PBXContainerItemProxy */;
		};
		7DD2241820299469005E3006 /* PBXTargetDependency */ = {
			isa = PBXTargetDependency;
			target = 7DD223F320299469005E3006 /* Tuto2 */;
			targetProxy = 7DD2241720299469005E3006 /* PBXContainerItemProxy */;
		};
/* End PBXTargetDependency section */

/* Begin PBXVariantGroup section */
		7DD223FB20299469005E3006 /* Main.storyboard */ = {
			isa = PBXVariantGroup;
			children = (
				7DD223FC20299469005E3006 /* Base */,
			);
			name = Main.storyboard;
			sourceTree = "<group>";
		};
		7DD2240320299469005E3006 /* LaunchScreen.storyboard */ = {
			isa = PBXVariantGroup;
			children = (
				7DD2240420299469005E3006 /* Base */,
			);
			name = LaunchScreen.storyboard;
			sourceTree = "<group>";
		};
/* End PBXVariantGroup section */

/* Begin XCBuildConfiguration section */
		7DD2241D20299469005E3006 /* Debug */ = {
			isa = XCBuildConfiguration;
			buildSettings = {
				ALWAYS_SEARCH_USER_PATHS = NO;
				CLANG_ANALYZER_NONNULL = YES;
				CLANG_ANALYZER_NUMBER_OBJECT_CONVERSION = YES_AGGRESSIVE;
				CLANG_CXX_LANGUAGE_STANDARD = "gnu++0x";
				CLANG_CXX_LIBRARY = "libc++";
				CLANG_ENABLE_MODULES = YES;
				CLANG_ENABLE_OBJC_ARC = YES;
				CLANG_WARN_BOOL_CONVERSION = YES;
				CLANG_WARN_CONSTANT_CONVERSION = YES;
				CLANG_WARN_DIRECT_OBJC_ISA_USAGE = YES_ERROR;
				CLANG_WARN_DOCUMENTATION_COMMENTS = YES;
				CLANG_WARN_EMPTY_BODY = YES;
				CLANG_WARN_ENUM_CONVERSION = YES;
				CLANG_WARN_INFINITE_RECURSION = YES;
				CLANG_WARN_INT_CONVERSION = YES;
				CLANG_WARN_OBJC_ROOT_CLASS = YES_ERROR;
				CLANG_WARN_SUSPICIOUS_MOVE = YES;
				CLANG_WARN_UNREACHABLE_CODE = YES;
				CLANG_WARN__DUPLICATE_METHOD_MATCH = YES;
				"CODE_SIGN_IDENTITY[sdk=iphoneos*]" = "iPhone Developer";
				COPY_PHASE_STRIP = NO;
				DEBUG_INFORMATION_FORMAT = dwarf;
				ENABLE_STRICT_OBJC_MSGSEND = YES;
				ENABLE_TESTABILITY = YES;
				GCC_C_LANGUAGE_STANDARD = gnu99;
				GCC_DYNAMIC_NO_PIC = NO;
				GCC_NO_COMMON_BLOCKS = YES;
				GCC_OPTIMIZATION_LEVEL = 0;
				GCC_PREPROCESSOR_DEFINITIONS = (
					"DEBUG=1",
					"$(inherited)",
				);
				GCC_WARN_64_TO_32_BIT_CONVERSION = YES;
				GCC_WARN_ABOUT_RETURN_TYPE = YES_ERROR;
				GCC_WARN_UNDECLARED_SELECTOR = YES;
				GCC_WARN_UNINITIALIZED_AUTOS = YES_AGGRESSIVE;
				GCC_WARN_UNUSED_FUNCTION = YES;
				GCC_WARN_UNUSED_VARIABLE = YES;
				IPHONEOS_DEPLOYMENT_TARGET = 10.3;
				MTL_ENABLE_DEBUG_INFO = YES;
				ONLY_ACTIVE_ARCH = YES;
				SDKROOT = iphoneos;
				SWIFT_ACTIVE_COMPILATION_CONDITIONS = DEBUG;
				SWIFT_OPTIMIZATION_LEVEL = "-Onone";
				TARGETED_DEVICE_FAMILY = "1,2";
			};
			name = Debug;
		};
		7DD2241E20299469005E3006 /* Release */ = {
			isa = XCBuildConfiguration;
			buildSettings = {
				ALWAYS_SEARCH_USER_PATHS = NO;
				CLANG_ANALYZER_NONNULL = YES;
				CLANG_ANALYZER_NUMBER_OBJECT_CONVERSION = YES_AGGRESSIVE;
				CLANG_CXX_LANGUAGE_STANDARD = "gnu++0x";
				CLANG_CXX_LIBRARY = "libc++";
				CLANG_ENABLE_MODULES = YES;
				CLANG_ENABLE_OBJC_ARC = YES;
				CLANG_WARN_BOOL_CONVERSION = YES;
				CLANG_WARN_CONSTANT_CONVERSION = YES;
				CLANG_WARN_DIRECT_OBJC_ISA_USAGE = YES_ERROR;
				CLANG_WARN_DOCUMENTATION_COMMENTS = YES;
				CLANG_WARN_EMPTY_BODY = YES;
				CLANG_WARN_ENUM_CONVERSION = YES;
				CLANG_WARN_INFINITE_RECURSION = YES;
				CLANG_WARN_INT_CONVERSION = YES;
				CLANG_WARN_OBJC_ROOT_CLASS = YES_ERROR;
				CLANG_WARN_SUSPICIOUS_MOVE = YES;
				CLANG_WARN_UNREACHABLE_CODE = YES;
				CLANG_WARN__DUPLICATE_METHOD_MATCH = YES;
				"CODE_SIGN_IDENTITY[sdk=iphoneos*]" = "iPhone Developer";
				COPY_PHASE_STRIP = NO;
				DEBUG_INFORMATION_FORMAT = "dwarf-with-dsym";
				ENABLE_NS_ASSERTIONS = NO;
				ENABLE_STRICT_OBJC_MSGSEND = YES;
				GCC_C_LANGUAGE_STANDARD = gnu99;
				GCC_NO_COMMON_BLOCKS = YES;
				GCC_WARN_64_TO_32_BIT_CONVERSION = YES;
				GCC_WARN_ABOUT_RETURN_TYPE = YES_ERROR;
				GCC_WARN_UNDECLARED_SELECTOR = YES;
				GCC_WARN_UNINITIALIZED_AUTOS = YES_AGGRESSIVE;
				GCC_WARN_UNUSED_FUNCTION = YES;
				GCC_WARN_UNUSED_VARIABLE = YES;
				IPHONEOS_DEPLOYMENT_TARGET = 10.3;
				MTL_ENABLE_DEBUG_INFO = NO;
				SDKROOT = iphoneos;
				SWIFT_OPTIMIZATION_LEVEL = "-Owholemodule";
				TARGETED_DEVICE_FAMILY = "1,2";
				VALIDATE_PRODUCT = YES;
			};
			name = Release;
		};
		7DD2242020299469005E3006 /* Debug */ = {
			isa = XCBuildConfiguration;
			buildSettings = {
				ASSETCATALOG_COMPILER_APPICON_NAME = AppIcon;
				INFOPLIST_FILE = Tuto2/Info.plist;
				LD_RUNPATH_SEARCH_PATHS = "$(inherited) @executable_path/Frameworks";
				PRODUCT_BUNDLE_IDENTIFIER = Herreros.Tuto2;
				PRODUCT_NAME = "$(TARGET_NAME)";
				SWIFT_VERSION = 3.0;
			};
			name = Debug;
		};
		7DD2242120299469005E3006 /* Release */ = {
			isa = XCBuildConfiguration;
			buildSettings = {
				ASSETCATALOG_COMPILER_APPICON_NAME = AppIcon;
				INFOPLIST_FILE = Tuto2/Info.plist;
				LD_RUNPATH_SEARCH_PATHS = "$(inherited) @executable_path/Frameworks";
				PRODUCT_BUNDLE_IDENTIFIER = Herreros.Tuto2;
				PRODUCT_NAME = "$(TARGET_NAME)";
				SWIFT_VERSION = 3.0;
			};
			name = Release;
		};
		7DD2242320299469005E3006 /* Debug */ = {
			isa = XCBuildConfiguration;
			buildSettings = {
				ALWAYS_EMBED_SWIFT_STANDARD_LIBRARIES = YES;
				BUNDLE_LOADER = "$(TEST_HOST)";
				INFOPLIST_FILE = Tuto2Tests/Info.plist;
				LD_RUNPATH_SEARCH_PATHS = "$(inherited) @executable_path/Frameworks @loader_path/Frameworks";
				PRODUCT_BUNDLE_IDENTIFIER = Herreros.Tuto2Tests;
				PRODUCT_NAME = "$(TARGET_NAME)";
				SWIFT_VERSION = 3.0;
				TEST_HOST = "$(BUILT_PRODUCTS_DIR)/Tuto2.app/Tuto2";
			};
			name = Debug;
		};
		7DD2242420299469005E3006 /* Release */ = {
			isa = XCBuildConfiguration;
			buildSettings = {
				ALWAYS_EMBED_SWIFT_STANDARD_LIBRARIES = YES;
				BUNDLE_LOADER = "$(TEST_HOST)";
				INFOPLIST_FILE = Tuto2Tests/Info.plist;
				LD_RUNPATH_SEARCH_PATHS = "$(inherited) @executable_path/Frameworks @loader_path/Frameworks";
				PRODUCT_BUNDLE_IDENTIFIER = Herreros.Tuto2Tests;
				PRODUCT_NAME = "$(TARGET_NAME)";
				SWIFT_VERSION = 3.0;
				TEST_HOST = "$(BUILT_PRODUCTS_DIR)/Tuto2.app/Tuto2";
			};
			name = Release;
		};
		7DD2242620299469005E3006 /* Debug */ = {
			isa = XCBuildConfiguration;
			buildSettings = {
				ALWAYS_EMBED_SWIFT_STANDARD_LIBRARIES = YES;
				INFOPLIST_FILE = Tuto2UITests/Info.plist;
				LD_RUNPATH_SEARCH_PATHS = "$(inherited) @executable_path/Frameworks @loader_path/Frameworks";
				PRODUCT_BUNDLE_IDENTIFIER = Herreros.Tuto2UITests;
				PRODUCT_NAME = "$(TARGET_NAME)";
				SWIFT_VERSION = 3.0;
				TEST_TARGET_NAME = Tuto2;
			};
			name = Debug;
		};
		7DD2242720299469005E3006 /* Release */ = {
			isa = XCBuildConfiguration;
			buildSettings = {
				ALWAYS_EMBED_SWIFT_STANDARD_LIBRARIES = YES;
				INFOPLIST_FILE = Tuto2UITests/Info.plist;
				LD_RUNPATH_SEARCH_PATHS = "$(inherited) @executable_path/Frameworks @loader_path/Frameworks";
				PRODUCT_BUNDLE_IDENTIFIER = Herreros.Tuto2UITests;
				PRODUCT_NAME = "$(TARGET_NAME)";
				SWIFT_VERSION = 3.0;
				TEST_TARGET_NAME = Tuto2;
			};
			name = Release;
		};
/* End XCBuildConfiguration section */

/* Begin XCConfigurationList section */
		7DD223EF20299469005E3006 /* Build configuration list for PBXProject "Tuto2" */ = {
			isa = XCConfigurationList;
			buildConfigurations = (
				7DD2241D20299469005E3006 /* Debug */,
				7DD2241E20299469005E3006 /* Release */,
			);
			defaultConfigurationIsVisible = 0;
			defaultConfigurationName = Release;
		};
		7DD2241F20299469005E3006 /* Build configuration list for PBXNativeTarget "Tuto2" */ = {
			isa = XCConfigurationList;
			buildConfigurations = (
				7DD2242020299469005E3006 /* Debug */,
				7DD2242120299469005E3006 /* Release */,
			);
			defaultConfigurationIsVisible = 0;
			defaultConfigurationName = Release;
		};
		7DD2242220299469005E3006 /* Build configuration list for PBXNativeTarget "Tuto2Tests" */ = {
			isa = XCConfigurationList;
			buildConfigurations = (
				7DD2242320299469005E3006 /* Debug */,
				7DD2242420299469005E3006 /* Release */,
			);
			defaultConfigurationIsVisible = 0;
			defaultConfigurationName = Release;
		};
		7DD2242520299469005E3006 /* Build configuration list for PBXNativeTarget "Tuto2UITests" */ = {
			isa = XCConfigurationList;
			buildConfigurations = (
				7DD2242620299469005E3006 /* Debug */,
				7DD2242720299469005E3006 /* Release */,
			);
			defaultConfigurationIsVisible = 0;
			defaultConfigurationName = Release;
		};
/* End XCConfigurationList section */

/* Begin XCVersionGroup section */
		7DD223FE20299469005E3006 /* Tuto2.xcdatamodeld */ = {
			isa = XCVersionGroup;
			children = (
				7DD223FF20299469005E3006 /* Tuto2.xcdatamodel */,
			);
			currentVersion = 7DD223FF20299469005E3006 /* Tuto2.xcdatamodel */;
			path = Tuto2.xcdatamodeld;
			sourceTree = "<group>";
			versionGroupType = wrapper.xcdatamodel;
		};
/* End XCVersionGroup section */
	};
	rootObject = 7DD223EC20299469005E3006 /* Project object */;
}
